
Microsoft Visual Studio Solution File, Format Version 11.00
# Visual Studio 2010
# SharpDevelop 4.4
Project("{A33008B1-5DAC-44D5-9060-242E3B6E38F2}") = "TURBU.EngineBasis", "TURBU.EngineBasis\TURBU.EngineBasis.booproj", "{2A439116-A1C1-49C7-96E2-4A8D71296307}"
EndProject
Project("{A33008B1-5DAC-44D5-9060-242E3B6E38F2}") = "TURBU.RM2K", "TURBU.RM2K\TURBU.RM2K.booproj", "{38D2D905-9F6B-4845-B72C-A2C95B4ABCF7}"
EndProject
Project("{A33008B1-5DAC-44D5-9060-242E3B6E38F2}") = "TURBU.RM2K.MapEngine", "TURBU.RM2K.MapEngine\TURBU.RM2K.MapEngine.booproj", "{DC05E2F6-6214-4ED1-84BB-07EC636C386B}"
EndProject
Project("{A33008B1-5DAC-44D5-9060-242E3B6E38F2}") = "TURBU.RM2K.Import", "TURBU.RM2K.Import\TURBU.RM2K.Import.booproj", "{BC1569F6-A2CE-474E-88F9-B1673FE1AC9D}"
EndProject
Project("{A33008B1-5DAC-44D5-9060-242E3B6E38F2}") = "LCF Parser", "LCF Parser\LCF Parser.booproj", "{BD1FC551-B5BD-496B-8348-1A31FCA03751}"
EndProject
Project("{A33008B1-5DAC-44D5-9060-242E3B6E38F2}") = "TURBU.Player", "TURBU.Player\TURBU.Player.booproj", "{A675776F-EE3D-4749-9D0F-CC299BC95492}"
EndProject
Project("{A33008B1-5DAC-44D5-9060-242E3B6E38F2}") = "TURBU.RM2K.BattleEngine", "TURBU.RM2K.BattleEngine\TURBU.RM2K.BattleEngine.booproj", "{3BC74C47-9247-4CEB-B505-A86C42E45116}"
EndProject
Project("{A33008B1-5DAC-44D5-9060-242E3B6E38F2}") = "TURBU.Design.Optimizations", "TURBU.Design.Optimizations\TURBU.Design.Optimizations.booproj", "{838BF35A-21D1-4C4E-9746-5F2B6151D9BB}"
EndProject
Project("{A33008B1-5DAC-44D5-9060-242E3B6E38F2}") = "TURBU.RM2K.TextDataReader", "TURBU.RM2K.TextDataReader\TURBU.RM2K.TextDataReader.booproj", "{0B907BBD-7CAE-49CB-8221-FF96B4A25FBC}"
EndProject
Project("{A33008B1-5DAC-44D5-9060-242E3B6E38F2}") = "TURBU.SDL", "TURBU.SDLFrame\TURBU.SDLFrame\TURBU.SDL.booproj", "{F861C008-3A91-4947-80CE-C6C58683E581}"
EndProject
Project("{A33008B1-5DAC-44D5-9060-242E3B6E38F2}") = "Pythia.Runtime", "Pythia.Runtime\Pythia.Runtime.booproj", "{A9B8C964-EEA0-4D89-95E5-A5DEB822F151}"
EndProject
Project("{A33008B1-5DAC-44D5-9060-242E3B6E38F2}") = "TURBU.Meta", "TURBU.Meta\TURBU.Meta.booproj", "{D9D645BC-F085-40C9-8E7A-F64A029F9A42}"
EndProject
Project("{A33008B1-5DAC-44D5-9060-242E3B6E38F2}") = "TURBU.RM2K.CompiledDataReader", "TURBU.RM2k.CompiledDataReader\TURBU.RM2k.CompiledDataReader.booproj", "{40FE85E2-DFBF-4EDF-86FB-295A5F4BB429}"
EndProject
Global
	GlobalSection(SolutionConfigurationPlatforms) = preSolution
		Debug|Any CPU = Debug|Any CPU
		Release|Any CPU = Release|Any CPU
	EndGlobalSection
	GlobalSection(ProjectConfigurationPlatforms) = postSolution
		{2A439116-A1C1-49C7-96E2-4A8D71296307}.Debug|Any CPU.Build.0 = Debug|Any CPU
		{2A439116-A1C1-49C7-96E2-4A8D71296307}.Debug|Any CPU.ActiveCfg = Debug|Any CPU
		{2A439116-A1C1-49C7-96E2-4A8D71296307}.Release|Any CPU.Build.0 = Release|Any CPU
		{2A439116-A1C1-49C7-96E2-4A8D71296307}.Release|Any CPU.ActiveCfg = Release|Any CPU
		{38D2D905-9F6B-4845-B72C-A2C95B4ABCF7}.Debug|Any CPU.Build.0 = Debug|Any CPU
		{38D2D905-9F6B-4845-B72C-A2C95B4ABCF7}.Debug|Any CPU.ActiveCfg = Debug|Any CPU
		{38D2D905-9F6B-4845-B72C-A2C95B4ABCF7}.Release|Any CPU.Build.0 = Release|Any CPU
		{38D2D905-9F6B-4845-B72C-A2C95B4ABCF7}.Release|Any CPU.ActiveCfg = Release|Any CPU
		{DC05E2F6-6214-4ED1-84BB-07EC636C386B}.Debug|Any CPU.Build.0 = Debug|Any CPU
		{DC05E2F6-6214-4ED1-84BB-07EC636C386B}.Debug|Any CPU.ActiveCfg = Debug|Any CPU
		{DC05E2F6-6214-4ED1-84BB-07EC636C386B}.Release|Any CPU.Build.0 = Release|Any CPU
		{DC05E2F6-6214-4ED1-84BB-07EC636C386B}.Release|Any CPU.ActiveCfg = Release|Any CPU
		{BC1569F6-A2CE-474E-88F9-B1673FE1AC9D}.Debug|Any CPU.Build.0 = Debug|Any CPU
		{BC1569F6-A2CE-474E-88F9-B1673FE1AC9D}.Debug|Any CPU.ActiveCfg = Debug|Any CPU
		{BC1569F6-A2CE-474E-88F9-B1673FE1AC9D}.Release|Any CPU.Build.0 = Release|Any CPU
		{BC1569F6-A2CE-474E-88F9-B1673FE1AC9D}.Release|Any CPU.ActiveCfg = Release|Any CPU
		{BD1FC551-B5BD-496B-8348-1A31FCA03751}.Debug|Any CPU.Build.0 = Debug|Any CPU
		{BD1FC551-B5BD-496B-8348-1A31FCA03751}.Debug|Any CPU.ActiveCfg = Debug|Any CPU
		{BD1FC551-B5BD-496B-8348-1A31FCA03751}.Release|Any CPU.Build.0 = Release|Any CPU
		{BD1FC551-B5BD-496B-8348-1A31FCA03751}.Release|Any CPU.ActiveCfg = Release|Any CPU
		{A675776F-EE3D-4749-9D0F-CC299BC95492}.Debug|Any CPU.Build.0 = Debug|Any CPU
		{A675776F-EE3D-4749-9D0F-CC299BC95492}.Debug|Any CPU.ActiveCfg = Debug|Any CPU
		{A675776F-EE3D-4749-9D0F-CC299BC95492}.Release|Any CPU.Build.0 = Release|Any CPU
		{A675776F-EE3D-4749-9D0F-CC299BC95492}.Release|Any CPU.ActiveCfg = Release|Any CPU
		{3BC74C47-9247-4CEB-B505-A86C42E45116}.Debug|Any CPU.Build.0 = Debug|Any CPU
		{3BC74C47-9247-4CEB-B505-A86C42E45116}.Debug|Any CPU.ActiveCfg = Debug|Any CPU
		{3BC74C47-9247-4CEB-B505-A86C42E45116}.Release|Any CPU.Build.0 = Release|Any CPU
		{3BC74C47-9247-4CEB-B505-A86C42E45116}.Release|Any CPU.ActiveCfg = Release|Any CPU
		{838BF35A-21D1-4C4E-9746-5F2B6151D9BB}.Debug|Any CPU.Build.0 = Debug|Any CPU
		{838BF35A-21D1-4C4E-9746-5F2B6151D9BB}.Debug|Any CPU.ActiveCfg = Debug|Any CPU
		{838BF35A-21D1-4C4E-9746-5F2B6151D9BB}.Release|Any CPU.Build.0 = Release|Any CPU
		{838BF35A-21D1-4C4E-9746-5F2B6151D9BB}.Release|Any CPU.ActiveCfg = Release|Any CPU
		{0B907BBD-7CAE-49CB-8221-FF96B4A25FBC}.Debug|Any CPU.Build.0 = Debug|Any CPU
		{0B907BBD-7CAE-49CB-8221-FF96B4A25FBC}.Debug|Any CPU.ActiveCfg = Debug|Any CPU
		{0B907BBD-7CAE-49CB-8221-FF96B4A25FBC}.Release|Any CPU.Build.0 = Release|Any CPU
		{0B907BBD-7CAE-49CB-8221-FF96B4A25FBC}.Release|Any CPU.ActiveCfg = Release|Any CPU
		{F861C008-3A91-4947-80CE-C6C58683E581}.Debug|Any CPU.Build.0 = Debug|Any CPU
		{F861C008-3A91-4947-80CE-C6C58683E581}.Debug|Any CPU.ActiveCfg = Debug|Any CPU
		{F861C008-3A91-4947-80CE-C6C58683E581}.Release|Any CPU.Build.0 = Release|Any CPU
		{F861C008-3A91-4947-80CE-C6C58683E581}.Release|Any CPU.ActiveCfg = Release|Any CPU
		{A9B8C964-EEA0-4D89-95E5-A5DEB822F151}.Debug|Any CPU.Build.0 = Debug|Any CPU
		{A9B8C964-EEA0-4D89-95E5-A5DEB822F151}.Debug|Any CPU.ActiveCfg = Debug|Any CPU
		{A9B8C964-EEA0-4D89-95E5-A5DEB822F151}.Release|Any CPU.Build.0 = Release|Any CPU
		{A9B8C964-EEA0-4D89-95E5-A5DEB822F151}.Release|Any CPU.ActiveCfg = Release|Any CPU
		{D9D645BC-F085-40C9-8E7A-F64A029F9A42}.Debug|Any CPU.Build.0 = Debug|Any CPU
		{D9D645BC-F085-40C9-8E7A-F64A029F9A42}.Debug|Any CPU.ActiveCfg = Debug|Any CPU
		{D9D645BC-F085-40C9-8E7A-F64A029F9A42}.Release|Any CPU.Build.0 = Release|Any CPU
		{D9D645BC-F085-40C9-8E7A-F64A029F9A42}.Release|Any CPU.ActiveCfg = Release|Any CPU
		{40FE85E2-DFBF-4EDF-86FB-295A5F4BB429}.Debug|Any CPU.Build.0 = Debug|Any CPU
		{40FE85E2-DFBF-4EDF-86FB-295A5F4BB429}.Debug|Any CPU.ActiveCfg = Debug|Any CPU
		{40FE85E2-DFBF-4EDF-86FB-295A5F4BB429}.Release|Any CPU.Build.0 = Release|Any CPU
		{40FE85E2-DFBF-4EDF-86FB-295A5F4BB429}.Release|Any CPU.ActiveCfg = Release|Any CPU
	EndGlobalSection
EndGlobal
